
Microsoft Visual Studio Solution File, Format Version 12.00
# Visual Studio Version 16
VisualStudioVersion = 16.0.31624.102
MinimumVisualStudioVersion = 10.0.40219.1
Project("{FAE04EC0-301F-11D3-BF4B-00C04F79EFBC}") = "2k19raj", "2k19raj\2k19raj.csproj", "{27CD4D48-D743-433C-A92F-C006886E29F3}"
EndProject
Global
	GlobalSection(SolutionConfigurationPlatforms) = preSolution
		Debug|Any CPU = Debug|Any CPU
		Release|Any CPU = Release|Any CPU
	EndGlobalSection
	GlobalSection(ProjectConfigurationPlatforms) = postSolution
		{27CD4D48-D743-433C-A92F-C006886E29F3}.Debug|Any CPU.ActiveCfg = Debug|Any CPU
		{27CD4D48-D743-433C-A92F-C006886E29F3}.Debug|Any CPU.Build.0 = Debug|Any CPU
		{27CD4D48-D743-433C-A92F-C006886E29F3}.Release|Any CPU.ActiveCfg = Release|Any CPU
		{27CD4D48-D743-433C-A92F-C006886E29F3}.Release|Any CPU.Build.0 = Release|Any CPU
	EndGlobalSection
	GlobalSection(SolutionProperties) = preSolution
		HideSolutionNode = FALSE
	EndGlobalSection
	GlobalSection(ExtensibilityGlobals) = postSolution
		SolutionGuid = {6CA700FE-01FF-48DD-A98A-D25EE65C3A4C}
	EndGlobalSection
EndGlobal
